k8s.io/api v0.28.2 h1:9mpl5mOb6vXZvqbQmankOfPIGiudghwCoLl1EYfUZbw=
k8s.io/api v0.28.2/go.mod h1:RVnJBsjU8tcMq7C3iaRSGMeaKt2TWEUXcpIt/90fjEg=
k8s.io/apimachinery v0.28.2 h1:KCOJLrc6gu+wV1BYgwik4AF4vXOlVJPdiqn0yAWWwXQ=
k8s.io/apimachinery v0.28.2/go.mod h1:RdzF87y/ngqk9H4z3EL2Rppv5jj95vGS/HaFXrLDApU=
k8s.io/client-go v0.28.2 h1:DNoYI1vGq0slMBN/SWKMZMw0Rq+0EQW6/AK4v9+3VeY=
k8s.io/client-go v0.28.2/go.mod h1:sMkApowspLuc7omj1FOSUxSoqjr+d5Q0Yc0LOFnYFJY=
